// !$*UTF8*$!
{
	archiveVersion = 1;
	classes = {
	};
	objectVersion = 50;
	objects = {

/* Begin PBXBuildFile section */
		DF79ED7A27A1B18700305535 /* UITextFieldExtension.swift in Sources */ = {isa = PBXBuildFile; fileRef = DF79ED7927A1B18700305535 /* UITextFieldExtension.swift */; };
		DF79ED8427A1C15000305535 /* UIViewConstroller.swift in Sources */ = {isa = PBXBuildFile; fileRef = DF79ED8327A1C15000305535 /* UIViewConstroller.swift */; };
		DF965FA6279F13DC0035F735 /* AppDelegate.swift in Sources */ = {isa = PBXBuildFile; fileRef = DF965FA5279F13DC0035F735 /* AppDelegate.swift */; };
		DF965FA8279F13DC0035F735 /* SceneDelegate.swift in Sources */ = {isa = PBXBuildFile; fileRef = DF965FA7279F13DC0035F735 /* SceneDelegate.swift */; };
		DF965FAA279F13DC0035F735 /* TaskTableViewController.swift in Sources */ = {isa = PBXBuildFile; fileRef = DF965FA9279F13DC0035F735 /* TaskTableViewController.swift */; };
		DF965FAF279F13E40035F735 /* Assets.xcassets in Resources */ = {isa = PBXBuildFile; fileRef = DF965FAE279F13E40035F735 /* Assets.xcassets */; };
		DF965FB2279F13E40035F735 /* LaunchScreen.storyboard in Resources */ = {isa = PBXBuildFile; fileRef = DF965FB0279F13E40035F735 /* LaunchScreen.storyboard */; };
		DF965FBC279F1FA90035F735 /* Task.swift in Sources */ = {isa = PBXBuildFile; fileRef = DF965FBB279F1FA90035F735 /* Task.swift */; };
		DF965FC1279F2F2C0035F735 /* TaskTableViewCell.swift in Sources */ = {isa = PBXBuildFile; fileRef = DF965FC0279F2F2C0035F735 /* TaskTableViewCell.swift */; };
		DF965FC4279F3DAE0035F735 /* TaskDetailViewController.swift in Sources */ = {isa = PBXBuildFile; fileRef = DF965FC3279F3DAE0035F735 /* TaskDetailViewController.swift */; };
/* End PBXBuildFile section */

/* Begin PBXFileReference section */
		DF79ED7927A1B18700305535 /* UITextFieldExtension.swift */ = {isa = PBXFileReference; lastKnownFileType = sourcecode.swift; path = UITextFieldExtension.swift; sourceTree = "<group>"; };
		DF79ED8327A1C15000305535 /* UIViewConstroller.swift */ = {isa = PBXFileReference; lastKnownFileType = sourcecode.swift; path = UIViewConstroller.swift; sourceTree = "<group>"; };
		DF965FA2279F13DC0035F735 /* TaskManager.app */ = {isa = PBXFileReference; explicitFileType = wrapper.application; includeInIndex = 0; path = TaskManager.app; sourceTree = BUILT_PRODUCTS_DIR; };
		DF965FA5279F13DC0035F735 /* AppDelegate.swift */ = {isa = PBXFileReference; lastKnownFileType = sourcecode.swift; path = AppDelegate.swift; sourceTree = "<group>"; };
		DF965FA7279F13DC0035F735 /* SceneDelegate.swift */ = {isa = PBXFileReference; lastKnownFileType = sourcecode.swift; path = SceneDelegate.swift; sourceTree = "<group>"; };
		DF965FA9279F13DC0035F735 /* TaskTableViewController.swift */ = {isa = PBXFileReference; lastKnownFileType = sourcecode.swift; path = TaskTableViewController.swift; sourceTree = "<group>"; };
		DF965FAE279F13E40035F735 /* Assets.xcassets */ = {isa = PBXFileReference; lastKnownFileType = folder.assetcatalog; path = Assets.xcassets; sourceTree = "<group>"; };
		DF965FB1279F13E40035F735 /* Base */ = {isa = PBXFileReference; lastKnownFileType = file.storyboard; name = Base; path = Base.lproj/LaunchScreen.storyboard; sourceTree = "<group>"; };
		DF965FB3279F13E40035F735 /* Info.plist */ = {isa = PBXFileReference; lastKnownFileType = text.plist.xml; path = Info.plist; sourceTree = "<group>"; };
		DF965FBB279F1FA90035F735 /* Task.swift */ = {isa = PBXFileReference; lastKnownFileType = sourcecode.swift; path = Task.swift; sourceTree = "<group>"; };
		DF965FC0279F2F2C0035F735 /* TaskTableViewCell.swift */ = {isa = PBXFileReference; lastKnownFileType = sourcecode.swift; path = TaskTableViewCell.swift; sourceTree = "<group>"; };
		DF965FC3279F3DAE0035F735 /* TaskDetailViewController.swift */ = {isa = PBXFileReference; lastKnownFileType = sourcecode.swift; path = TaskDetailViewController.swift; sourceTree = "<group>"; };
/* End PBXFileReference section */

/* Begin PBXFrameworksBuildPhase section */
		DF965F9F279F13DC0035F735 /* Frameworks */ = {
			isa = PBXFrameworksBuildPhase;
			buildActionMask = 2147483647;
			files = (
			);
			runOnlyForDeploymentPostprocessing = 0;
		};
/* End PBXFrameworksBuildPhase section */

/* Begin PBXGroup section */
		DF79ED7C27A1B19500305535 /* Extensions */ = {
			isa = PBXGroup;
			children = (
				DF79ED7927A1B18700305535 /* UITextFieldExtension.swift */,
				DF79ED8327A1C15000305535 /* UIViewConstroller.swift */,
			);
			path = Extensions;
			sourceTree = "<group>";
		};
		DF79ED7E27A1B1DD00305535 /* ViewController */ = {
			isa = PBXGroup;
			children = (
				DF965FA9279F13DC0035F735 /* TaskTableViewController.swift */,
				DF965FC3279F3DAE0035F735 /* TaskDetailViewController.swift */,
			);
			path = ViewController;
			sourceTree = "<group>";
		};
		DF79ED7F27A1B1F200305535 /* Model */ = {
			isa = PBXGroup;
			children = (
				DF965FBB279F1FA90035F735 /* Task.swift */,
			);
			path = Model;
			sourceTree = "<group>";
		};
		DF79ED8127A1B1FF00305535 /* View */ = {
			isa = PBXGroup;
			children = (
				DF965FC0279F2F2C0035F735 /* TaskTableViewCell.swift */,
			);
			path = View;
			sourceTree = "<group>";
		};
		DF965F99279F13DC0035F735 = {
			isa = PBXGroup;
			children = (
				DF965FA4279F13DC0035F735 /* TaskManager */,
				DF965FA3279F13DC0035F735 /* Products */,
			);
			sourceTree = "<group>";
		};
		DF965FA3279F13DC0035F735 /* Products */ = {
			isa = PBXGroup;
			children = (
				DF965FA2279F13DC0035F735 /* TaskManager.app */,
			);
			name = Products;
			sourceTree = "<group>";
		};
		DF965FA4279F13DC0035F735 /* TaskManager */ = {
			isa = PBXGroup;
			children = (
				DF965FA5279F13DC0035F735 /* AppDelegate.swift */,
				DF965FA7279F13DC0035F735 /* SceneDelegate.swift */,
				DF79ED7E27A1B1DD00305535 /* ViewController */,
				DF79ED8127A1B1FF00305535 /* View */,
				DF79ED7C27A1B19500305535 /* Extensions */,
				DF79ED7F27A1B1F200305535 /* Model */,
				DF965FAE279F13E40035F735 /* Assets.xcassets */,
				DF965FB0279F13E40035F735 /* LaunchScreen.storyboard */,
				DF965FB3279F13E40035F735 /* Info.plist */,
			);
			path = TaskManager;
			sourceTree = "<group>";
		};
/* End PBXGroup section */

/* Begin PBXNativeTarget section */
		DF965FA1279F13DC0035F735 /* TaskManager */ = {
			isa = PBXNativeTarget;
			buildConfigurationList = DF965FB6279F13E40035F735 /* Build configuration list for PBXNativeTarget "TaskManager" */;
			buildPhases = (
				DF965F9E279F13DC0035F735 /* Sources */,
				DF965F9F279F13DC0035F735 /* Frameworks */,
				DF965FA0279F13DC0035F735 /* Resources */,
			);
			buildRules = (
			);
			dependencies = (
			);
			name = TaskManager;
			productName = TaskManager;
			productReference = DF965FA2279F13DC0035F735 /* TaskManager.app */;
			productType = "com.apple.product-type.application";
		};
/* End PBXNativeTarget section */

/* Begin PBXProject section */
		DF965F9A279F13DC0035F735 /* Project object */ = {
			isa = PBXProject;
			attributes = {
				LastSwiftUpdateCheck = 1240;
				LastUpgradeCheck = 1240;
				TargetAttributes = {
					DF965FA1279F13DC0035F735 = {
						CreatedOnToolsVersion = 12.4;
					};
				};
			};
			buildConfigurationList = DF965F9D279F13DC0035F735 /* Build configuration list for PBXProject "TaskManager" */;
			compatibilityVersion = "Xcode 9.3";
			developmentRegion = en;
			hasScannedForEncodings = 0;
			knownRegions = (
				en,
				Base,
			);
			mainGroup = DF965F99279F13DC0035F735;
			productRefGroup = DF965FA3279F13DC0035F735 /* Products */;
			projectDirPath = "";
			projectRoot = "";
			targets = (
				DF965FA1279F13DC0035F735 /* TaskManager */,
			);
		};
/* End PBXProject section */

/* Begin PBXResourcesBuildPhase section */
		DF965FA0279F13DC0035F735 /* Resources */ = {
			isa = PBXResourcesBuildPhase;
			buildActionMask = 2147483647;
			files = (
				DF965FB2279F13E40035F735 /* LaunchScreen.storyboard in Resources */,
				DF965FAF279F13E40035F735 /* Assets.xcassets in Resources */,
			);
			runOnlyForDeploymentPostprocessing = 0;
		};
/* End PBXResourcesBuildPhase section */

/* Begin PBXSourcesBuildPhase section */
		DF965F9E279F13DC0035F735 /* Sources */ = {
			isa = PBXSourcesBuildPhase;
			buildActionMask = 2147483647;
			files = (
				DF965FBC279F1FA90035F735 /* Task.swift in Sources */,
				DF965FC4279F3DAE0035F735 /* TaskDetailViewController.swift in Sources */,
				DF79ED8427A1C15000305535 /* UIViewConstroller.swift in Sources */,
				DF79ED7A27A1B18700305535 /* UITextFieldExtension.swift in Sources */,
				DF965FAA279F13DC0035F735 /* TaskTableViewController.swift in Sources */,
				DF965FC1279F2F2C0035F735 /* TaskTableViewCell.swift in Sources */,
				DF965FA6279F13DC0035F735 /* AppDelegate.swift in Sources */,
				DF965FA8279F13DC0035F735 /* SceneDelegate.swift in Sources */,
			);
			runOnlyForDeploymentPostprocessing = 0;
		};
/* End PBXSourcesBuildPhase section */

/* Begin PBXVariantGroup section */
		DF965FB0279F13E40035F735 /* LaunchScreen.storyboard */ = {
			isa = PBXVariantGroup;
			children = (
				DF965FB1279F13E40035F735 /* Base */,
			);
			name = LaunchScreen.storyboard;
			sourceTree = "<group>";
		};
/* End PBXVariantGroup section */

/* Begin XCBuildConfiguration section */
		DF965FB4279F13E40035F735 /* Debug */ = {
			isa = XCBuildConfiguration;
			buildSettings = {
				ALWAYS_SEARCH_USER_PATHS = NO;
				CLANG_ANALYZER_NONNULL = YES;
				CLANG_ANALYZER_NUMBER_OBJECT_CONVERSION = YES_AGGRESSIVE;
				CLANG_CXX_LANGUAGE_STANDARD = "gnu++14";
				CLANG_CXX_LIBRARY = "libc++";
				CLANG_ENABLE_MODULES = YES;
				CLANG_ENABLE_OBJC_ARC = YES;
				CLANG_ENABLE_OBJC_WEAK = YES;
				CLANG_WARN_BLOCK_CAPTURE_AUTORELEASING = YES;
				CLANG_WARN_BOOL_CONVERSION = YES;
				CLANG_WARN_COMMA = YES;
				CLANG_WARN_CONSTANT_CONVERSION = YES;
				CLANG_WARN_DEPRECATED_OBJC_IMPLEMENTATIONS = YES;
				CLANG_WARN_DIRECT_OBJC_ISA_USAGE = YES_ERROR;
				CLANG_WARN_DOCUMENTATION_COMMENTS = YES;
				CLANG_WARN_EMPTY_BODY = YES;
				CLANG_WARN_ENUM_CONVERSION = YES;
				CLANG_WARN_INFINITE_RECURSION = YES;
				CLANG_WARN_INT_CONVERSION = YES;
				CLANG_WARN_NON_LITERAL_NULL_CONVERSION = YES;
				CLANG_WARN_OBJC_IMPLICIT_RETAIN_SELF = YES;
				CLANG_WARN_OBJC_LITERAL_CONVERSION = YES;
				CLANG_WARN_OBJC_ROOT_CLASS = YES_ERROR;
				CLANG_WARN_QUOTED_INCLUDE_IN_FRAMEWORK_HEADER = YES;
				CLANG_WARN_RANGE_LOOP_ANALYSIS = YES;
				CLANG_WARN_STRICT_PROTOTYPES = YES;
				CLANG_WARN_SUSPICIOUS_MOVE = YES;
				CLANG_WARN_UNGUARDED_AVAILABILITY = YES_AGGRESSIVE;
				CLANG_WARN_UNREACHABLE_CODE = YES;
				CLANG_WARN__DUPLICATE_METHOD_MATCH = YES;
				COPY_PHASE_STRIP = NO;
				DEBUG_INFORMATION_FORMAT = dwarf;
				ENABLE_STRICT_OBJC_MSGSEND = YES;
				ENABLE_TESTABILITY = YES;
				GCC_C_LANGUAGE_STANDARD = gnu11;
				GCC_DYNAMIC_NO_PIC = NO;
				GCC_NO_COMMON_BLOCKS = YES;
				GCC_OPTIMIZATION_LEVEL = 0;
				GCC_PREPROCESSOR_DEFINITIONS = (
					"DEBUG=1",
					"$(inherited)",
				);
				GCC_WARN_64_TO_32_BIT_CONVERSION = YES;
				GCC_WARN_ABOUT_RETURN_TYPE = YES_ERROR;
				GCC_WARN_UNDECLARED_SELECTOR = YES;
				GCC_WARN_UNINITIALIZED_AUTOS = YES_AGGRESSIVE;
				GCC_WARN_UNUSED_FUNCTION = YES;
				GCC_WARN_UNUSED_VARIABLE = YES;
				IPHONEOS_DEPLOYMENT_TARGET = 14.4;
				MTL_ENABLE_DEBUG_INFO = INCLUDE_SOURCE;
				MTL_FAST_MATH = YES;
				ONLY_ACTIVE_ARCH = YES;
				SDKROOT = iphoneos;
				SWIFT_ACTIVE_COMPILATION_CONDITIONS = DEBUG;
				SWIFT_OPTIMIZATION_LEVEL = "-Onone";
			};
			name = Debug;
		};
		DF965FB5279F13E40035F735 /* Release */ = {
			isa = XCBuildConfiguration;
			buildSettings = {
				ALWAYS_SEARCH_USER_PATHS = NO;
				CLANG_ANALYZER_NONNULL = YES;
				CLANG_ANALYZER_NUMBER_OBJECT_CONVERSION = YES_AGGRESSIVE;
				CLANG_CXX_LANGUAGE_STANDARD = "gnu++14";
				CLANG_CXX_LIBRARY = "libc++";
				CLANG_ENABLE_MODULES = YES;
				CLANG_ENABLE_OBJC_ARC = YES;
				CLANG_ENABLE_OBJC_WEAK = YES;
				CLANG_WARN_BLOCK_CAPTURE_AUTORELEASING = YES;
				CLANG_WARN_BOOL_CONVERSION = YES;
				CLANG_WARN_COMMA = YES;
				CLANG_WARN_CONSTANT_CONVERSION = YES;
				CLANG_WARN_DEPRECATED_OBJC_IMPLEMENTATIONS = YES;
				CLANG_WARN_DIRECT_OBJC_ISA_USAGE = YES_ERROR;
				CLANG_WARN_DOCUMENTATION_COMMENTS = YES;
				CLANG_WARN_EMPTY_BODY = YES;
				CLANG_WARN_ENUM_CONVERSION = YES;
				CLANG_WARN_INFINITE_RECURSION = YES;
				CLANG_WARN_INT_CONVERSION = YES;
				CLANG_WARN_NON_LITERAL_NULL_CONVERSION = YES;
				CLANG_WARN_OBJC_IMPLICIT_RETAIN_SELF = YES;
				CLANG_WARN_OBJC_LITERAL_CONVERSION = YES;
				CLANG_WARN_OBJC_ROOT_CLASS = YES_ERROR;
				CLANG_WARN_QUOTED_INCLUDE_IN_FRAMEWORK_HEADER = YES;
				CLANG_WARN_RANGE_LOOP_ANALYSIS = YES;
				CLANG_WARN_STRICT_PROTOTYPES = YES;
				CLANG_WARN_SUSPICIOUS_MOVE = YES;
				CLANG_WARN_UNGUARDED_AVAILABILITY = YES_AGGRESSIVE;
				CLANG_WARN_UNREACHABLE_CODE = YES;
				CLANG_WARN__DUPLICATE_METHOD_MATCH = YES;
				COPY_PHASE_STRIP = NO;
				DEBUG_INFORMATION_FORMAT = "dwarf-with-dsym";
				ENABLE_NS_ASSERTIONS = NO;
				ENABLE_STRICT_OBJC_MSGSEND = YES;
				GCC_C_LANGUAGE_STANDARD = gnu11;
				GCC_NO_COMMON_BLOCKS = YES;
				GCC_WARN_64_TO_32_BIT_CONVERSION = YES;
				GCC_WARN_ABOUT_RETURN_TYPE = YES_ERROR;
				GCC_WARN_UNDECLARED_SELECTOR = YES;
				GCC_WARN_UNINITIALIZED_AUTOS = YES_AGGRESSIVE;
				GCC_WARN_UNUSED_FUNCTION = YES;
				GCC_WARN_UNUSED_VARIABLE = YES;
				IPHONEOS_DEPLOYMENT_TARGET = 14.4;
				MTL_ENABLE_DEBUG_INFO = NO;
				MTL_FAST_MATH = YES;
				SDKROOT = iphoneos;
				SWIFT_COMPILATION_MODE = wholemodule;
				SWIFT_OPTIMIZATION_LEVEL = "-O";
				VALIDATE_PRODUCT = YES;
			};
			name = Release;
		};
		DF965FB7279F13E40035F735 /* Debug */ = {
			isa = XCBuildConfiguration;
			buildSettings = {
				ASSETCATALOG_COMPILER_APPICON_NAME = AppIcon;
				ASSETCATALOG_COMPILER_GLOBAL_ACCENT_COLOR_NAME = AccentColor;
				CODE_SIGN_STYLE = Automatic;
				DEVELOPMENT_TEAM = 5ULAX9V4M6;
				INFOPLIST_FILE = TaskManager/Info.plist;
				LD_RUNPATH_SEARCH_PATHS = (
					"$(inherited)",
					"@executable_path/Frameworks",
				);
				PRODUCT_BUNDLE_IDENTIFIER = com.example.TaskManager;
				PRODUCT_NAME = "$(TARGET_NAME)";
				SWIFT_VERSION = 5.0;
				TARGETED_DEVICE_FAMILY = "1,2";
			};
			name = Debug;
		};
		DF965FB8279F13E40035F735 /* Release */ = {
			isa = XCBuildConfiguration;
			buildSettings = {
				ASSETCATALOG_COMPILER_APPICON_NAME = AppIcon;
				ASSETCATALOG_COMPILER_GLOBAL_ACCENT_COLOR_NAME = AccentColor;
				CODE_SIGN_STYLE = Automatic;
				DEVELOPMENT_TEAM = 5ULAX9V4M6;
				INFOPLIST_FILE = TaskManager/Info.plist;
				LD_RUNPATH_SEARCH_PATHS = (
					"$(inherited)",
					"@executable_path/Frameworks",
				);
				PRODUCT_BUNDLE_IDENTIFIER = com.example.TaskManager;
				PRODUCT_NAME = "$(TARGET_NAME)";
				SWIFT_VERSION = 5.0;
				TARGETED_DEVICE_FAMILY = "1,2";
			};
			name = Release;
		};
/* End XCBuildConfiguration section */

/* Begin XCConfigurationList section */
		DF965F9D279F13DC0035F735 /* Build configuration list for PBXProject "TaskManager" */ = {
			isa = XCConfigurationList;
			buildConfigurations = (
				DF965FB4279F13E40035F735 /* Debug */,
				DF965FB5279F13E40035F735 /* Release */,
			);
			defaultConfigurationIsVisible = 0;
			defaultConfigurationName = Release;
		};
		DF965FB6279F13E40035F735 /* Build configuration list for PBXNativeTarget "TaskManager" */ = {
			isa = XCConfigurationList;
			buildConfigurations = (
				DF965FB7279F13E40035F735 /* Debug */,
				DF965FB8279F13E40035F735 /* Release */,
			);
			defaultConfigurationIsVisible = 0;
			defaultConfigurationName = Release;
		};
/* End XCConfigurationList section */
	};
	rootObject = DF965F9A279F13DC0035F735 /* Project object */;
}
